
Microsoft Visual Studio Solution File, Format Version 12.00
# Visual Studio Version 17
VisualStudioVersion = 17.0.32112.339
MinimumVisualStudioVersion = 10.0.40219.1
Project("{FAE04EC0-301F-11D3-BF4B-00C04F79EFBC}") = "GuiaMedidasMLB", "GuiaMedidasMLB\GuiaMedidasMLB.csproj", "{EA17055F-7002-4A1F-989B-64A2EFBB9EC2}"
EndProject
Global
	GlobalSection(SolutionConfigurationPlatforms) = preSolution
		Debug|Any CPU = Debug|Any CPU
		Release|Any CPU = Release|Any CPU
	EndGlobalSection
	GlobalSection(ProjectConfigurationPlatforms) = postSolution
		{EA17055F-7002-4A1F-989B-64A2EFBB9EC2}.Debug|Any CPU.ActiveCfg = Debug|Any CPU
		{EA17055F-7002-4A1F-989B-64A2EFBB9EC2}.Debug|Any CPU.Build.0 = Debug|Any CPU
		{EA17055F-7002-4A1F-989B-64A2EFBB9EC2}.Release|Any CPU.ActiveCfg = Release|Any CPU
		{EA17055F-7002-4A1F-989B-64A2EFBB9EC2}.Release|Any CPU.Build.0 = Release|Any CPU
	EndGlobalSection
	GlobalSection(SolutionProperties) = preSolution
		HideSolutionNode = FALSE
	EndGlobalSection
	GlobalSection(ExtensibilityGlobals) = postSolution
		SolutionGuid = {5E2ADCB4-2804-4643-95C4-98CBE9F75C5B}
	EndGlobalSection
EndGlobal
